
Microsoft Visual Studio Solution File, Format Version 12.00
# Visual Studio Version 17
VisualStudioVersion = 17.8.34408.163
MinimumVisualStudioVersion = 10.0.40219.1
Project("{FAE04EC0-301F-11D3-BF4B-00C04F79EFBC}") = "modul10_1302223134", "modul10_1302223134\modul10_1302223134.csproj", "{2B40311C-A89F-42B8-B750-9AF2B4960B8F}"
EndProject
Global
	GlobalSection(SolutionConfigurationPlatforms) = preSolution
		Debug|Any CPU = Debug|Any CPU
		Release|Any CPU = Release|Any CPU
	EndGlobalSection
	GlobalSection(ProjectConfigurationPlatforms) = postSolution
		{2B40311C-A89F-42B8-B750-9AF2B4960B8F}.Debug|Any CPU.ActiveCfg = Debug|Any CPU
		{2B40311C-A89F-42B8-B750-9AF2B4960B8F}.Debug|Any CPU.Build.0 = Debug|Any CPU
		{2B40311C-A89F-42B8-B750-9AF2B4960B8F}.Release|Any CPU.ActiveCfg = Release|Any CPU
		{2B40311C-A89F-42B8-B750-9AF2B4960B8F}.Release|Any CPU.Build.0 = Release|Any CPU
	EndGlobalSection
	GlobalSection(SolutionProperties) = preSolution
		HideSolutionNode = FALSE
	EndGlobalSection
	GlobalSection(ExtensibilityGlobals) = postSolution
		SolutionGuid = {94F7779E-13CB-43C4-825A-B731F5E0E12E}
	EndGlobalSection
EndGlobal
